
Microsoft Visual Studio Solution File, Format Version 12.00
# Visual Studio 14
VisualStudioVersion = 14.0.24720.0
MinimumVisualStudioVersion = 10.0.40219.1
Project("{FAE04EC0-301F-11D3-BF4B-00C04F79EFBC}") = "MooDTechnical", "MooDTechnical\MooDTechnical.csproj", "{63AE2FEF-4CD3-47F4-8290-474443F734CE}"
EndProject
Global
	GlobalSection(SolutionConfigurationPlatforms) = preSolution
		Debug|Any CPU = Debug|Any CPU
		Release|Any CPU = Release|Any CPU
	EndGlobalSection
	GlobalSection(ProjectConfigurationPlatforms) = postSolution
		{63AE2FEF-4CD3-47F4-8290-474443F734CE}.Debug|Any CPU.ActiveCfg = Debug|Any CPU
		{63AE2FEF-4CD3-47F4-8290-474443F734CE}.Debug|Any CPU.Build.0 = Debug|Any CPU
		{63AE2FEF-4CD3-47F4-8290-474443F734CE}.Release|Any CPU.ActiveCfg = Release|Any CPU
		{63AE2FEF-4CD3-47F4-8290-474443F734CE}.Release|Any CPU.Build.0 = Release|Any CPU
	EndGlobalSection
	GlobalSection(SolutionProperties) = preSolution
		HideSolutionNode = FALSE
	EndGlobalSection
EndGlobal
